// !$*UTF8*$!
{
	archiveVersion = 1;
	classes = {
	};
	objectVersion = 50;
	objects = {

/* Begin PBXBuildFile section */
		5D07502C2624501F0059D378 /* AppDelegate.swift in Sources */ = {isa = PBXBuildFile; fileRef = 5D07502B2624501F0059D378 /* AppDelegate.swift */; };
		5D07502E2624501F0059D378 /* SceneDelegate.swift in Sources */ = {isa = PBXBuildFile; fileRef = 5D07502D2624501F0059D378 /* SceneDelegate.swift */; };
		5D0750302624501F0059D378 /* CalendarEventViewController.swift in Sources */ = {isa = PBXBuildFile; fileRef = 5D07502F2624501F0059D378 /* CalendarEventViewController.swift */; };
		5D075035262450210059D378 /* Assets.xcassets in Resources */ = {isa = PBXBuildFile; fileRef = 5D075034262450210059D378 /* Assets.xcassets */; };
		5D075038262450210059D378 /* LaunchScreen.storyboard in Resources */ = {isa = PBXBuildFile; fileRef = 5D075036262450210059D378 /* LaunchScreen.storyboard */; };
		5D075041262454FE0059D378 /* DescriptionView.swift in Sources */ = {isa = PBXBuildFile; fileRef = 5D075040262454FE0059D378 /* DescriptionView.swift */; };
		5D07504526245D610059D378 /* UIViewExtensions.swift in Sources */ = {isa = PBXBuildFile; fileRef = 5D07504426245D610059D378 /* UIViewExtensions.swift */; };
		5D07504826245ECF0059D378 /* Assets.swift in Sources */ = {isa = PBXBuildFile; fileRef = 5D07504726245ECF0059D378 /* Assets.swift */; };
		5D07504B262462450059D378 /* ViewRepresentable.swift in Sources */ = {isa = PBXBuildFile; fileRef = 5D07504A262462450059D378 /* ViewRepresentable.swift */; };
		5D07504E2624662D0059D378 /* Bindable.swift in Sources */ = {isa = PBXBuildFile; fileRef = 5D07504D2624662D0059D378 /* Bindable.swift */; };
		5D07505C26249A1D0059D378 /* MainNavigationController.swift in Sources */ = {isa = PBXBuildFile; fileRef = 5D07505B26249A1D0059D378 /* MainNavigationController.swift */; };
		5D0750632624B8B50059D378 /* CalendarEvent.swift in Sources */ = {isa = PBXBuildFile; fileRef = 5D0750622624B8B50059D378 /* CalendarEvent.swift */; };
		5D0750662624BBA30059D378 /* LeftAlignmentFlowLayout.swift in Sources */ = {isa = PBXBuildFile; fileRef = 5D0750652624BBA30059D378 /* LeftAlignmentFlowLayout.swift */; };
		5D07506B2624D3100059D378 /* UICollectionViewDiffableDataSourceExtensions.swift in Sources */ = {isa = PBXBuildFile; fileRef = 5D07506A2624D3100059D378 /* UICollectionViewDiffableDataSourceExtensions.swift */; };
		5D07506E2624D3390059D378 /* SingleSection.swift in Sources */ = {isa = PBXBuildFile; fileRef = 5D07506D2624D3390059D378 /* SingleSection.swift */; };
		5D0750712624D5410059D378 /* MemberCollectionViewCell.swift in Sources */ = {isa = PBXBuildFile; fileRef = 5D0750702624D5410059D378 /* MemberCollectionViewCell.swift */; };
		5D0750742624D5B40059D378 /* Reusable.swift in Sources */ = {isa = PBXBuildFile; fileRef = 5D0750732624D5B40059D378 /* Reusable.swift */; };
		5D0750782624DDB10059D378 /* BindableCell.swift in Sources */ = {isa = PBXBuildFile; fileRef = 5D0750772624DDB10059D378 /* BindableCell.swift */; };
		5D07507C2625662B0059D378 /* InformationView.swift in Sources */ = {isa = PBXBuildFile; fileRef = 5D07507B2625662B0059D378 /* InformationView.swift */; };
		5D07508026257F350059D378 /* CalendarEventView.swift in Sources */ = {isa = PBXBuildFile; fileRef = 5D07507F26257F350059D378 /* CalendarEventView.swift */; };
		5D07508E2625BC2F0059D378 /* CompositionalLayout.swift in Sources */ = {isa = PBXBuildFile; fileRef = 5D07508D2625BC2F0059D378 /* CompositionalLayout.swift */; };
		5D0750942625BC460059D378 /* CollectionViewCell1.swift in Sources */ = {isa = PBXBuildFile; fileRef = 5D0750932625BC460059D378 /* CollectionViewCell1.swift */; };
		5D07509A2625C1940059D378 /* CollectionViewCell2.swift in Sources */ = {isa = PBXBuildFile; fileRef = 5D0750992625C1940059D378 /* CollectionViewCell2.swift */; };
		5D07509D2625D18D0059D378 /* CollectionViewCell3.swift in Sources */ = {isa = PBXBuildFile; fileRef = 5D07509C2625D18D0059D378 /* CollectionViewCell3.swift */; };
		5D0750A02625E7D20059D378 /* StringExtension.swift in Sources */ = {isa = PBXBuildFile; fileRef = 5D07509F2625E7D20059D378 /* StringExtension.swift */; };
/* End PBXBuildFile section */

/* Begin PBXFileReference section */
		5D0750282624501F0059D378 /* onboarding.app */ = {isa = PBXFileReference; explicitFileType = wrapper.application; includeInIndex = 0; path = onboarding.app; sourceTree = BUILT_PRODUCTS_DIR; };
		5D07502B2624501F0059D378 /* AppDelegate.swift */ = {isa = PBXFileReference; lastKnownFileType = sourcecode.swift; path = AppDelegate.swift; sourceTree = "<group>"; };
		5D07502D2624501F0059D378 /* SceneDelegate.swift */ = {isa = PBXFileReference; lastKnownFileType = sourcecode.swift; path = SceneDelegate.swift; sourceTree = "<group>"; };
		5D07502F2624501F0059D378 /* CalendarEventViewController.swift */ = {isa = PBXFileReference; lastKnownFileType = sourcecode.swift; path = CalendarEventViewController.swift; sourceTree = "<group>"; };
		5D075034262450210059D378 /* Assets.xcassets */ = {isa = PBXFileReference; lastKnownFileType = folder.assetcatalog; path = Assets.xcassets; sourceTree = "<group>"; };
		5D075037262450210059D378 /* Base */ = {isa = PBXFileReference; lastKnownFileType = file.storyboard; name = Base; path = Base.lproj/LaunchScreen.storyboard; sourceTree = "<group>"; };
		5D075039262450210059D378 /* Info.plist */ = {isa = PBXFileReference; lastKnownFileType = text.plist.xml; path = Info.plist; sourceTree = "<group>"; };
		5D075040262454FE0059D378 /* DescriptionView.swift */ = {isa = PBXFileReference; lastKnownFileType = sourcecode.swift; path = DescriptionView.swift; sourceTree = "<group>"; };
		5D07504426245D610059D378 /* UIViewExtensions.swift */ = {isa = PBXFileReference; lastKnownFileType = sourcecode.swift; path = UIViewExtensions.swift; sourceTree = "<group>"; };
		5D07504726245ECF0059D378 /* Assets.swift */ = {isa = PBXFileReference; lastKnownFileType = sourcecode.swift; path = Assets.swift; sourceTree = "<group>"; };
		5D07504A262462450059D378 /* ViewRepresentable.swift */ = {isa = PBXFileReference; lastKnownFileType = sourcecode.swift; path = ViewRepresentable.swift; sourceTree = "<group>"; };
		5D07504D2624662D0059D378 /* Bindable.swift */ = {isa = PBXFileReference; lastKnownFileType = sourcecode.swift; path = Bindable.swift; sourceTree = "<group>"; };
		5D07505B26249A1D0059D378 /* MainNavigationController.swift */ = {isa = PBXFileReference; lastKnownFileType = sourcecode.swift; path = MainNavigationController.swift; sourceTree = "<group>"; };
		5D0750622624B8B50059D378 /* CalendarEvent.swift */ = {isa = PBXFileReference; lastKnownFileType = sourcecode.swift; path = CalendarEvent.swift; sourceTree = "<group>"; };
		5D0750652624BBA30059D378 /* LeftAlignmentFlowLayout.swift */ = {isa = PBXFileReference; lastKnownFileType = sourcecode.swift; path = LeftAlignmentFlowLayout.swift; sourceTree = "<group>"; };
		5D07506A2624D3100059D378 /* UICollectionViewDiffableDataSourceExtensions.swift */ = {isa = PBXFileReference; lastKnownFileType = sourcecode.swift; path = UICollectionViewDiffableDataSourceExtensions.swift; sourceTree = "<group>"; };
		5D07506D2624D3390059D378 /* SingleSection.swift */ = {isa = PBXFileReference; lastKnownFileType = sourcecode.swift; path = SingleSection.swift; sourceTree = "<group>"; };
		5D0750702624D5410059D378 /* MemberCollectionViewCell.swift */ = {isa = PBXFileReference; lastKnownFileType = sourcecode.swift; path = MemberCollectionViewCell.swift; sourceTree = "<group>"; };
		5D0750732624D5B40059D378 /* Reusable.swift */ = {isa = PBXFileReference; lastKnownFileType = sourcecode.swift; path = Reusable.swift; sourceTree = "<group>"; };
		5D0750772624DDB10059D378 /* BindableCell.swift */ = {isa = PBXFileReference; lastKnownFileType = sourcecode.swift; path = BindableCell.swift; sourceTree = "<group>"; };
		5D07507B2625662B0059D378 /* InformationView.swift */ = {isa = PBXFileReference; lastKnownFileType = sourcecode.swift; path = InformationView.swift; sourceTree = "<group>"; };
		5D07507F26257F350059D378 /* CalendarEventView.swift */ = {isa = PBXFileReference; lastKnownFileType = sourcecode.swift; path = CalendarEventView.swift; sourceTree = "<group>"; };
		5D07508D2625BC2F0059D378 /* CompositionalLayout.swift */ = {isa = PBXFileReference; lastKnownFileType = sourcecode.swift; path = CompositionalLayout.swift; sourceTree = "<group>"; };
		5D0750932625BC460059D378 /* CollectionViewCell1.swift */ = {isa = PBXFileReference; lastKnownFileType = sourcecode.swift; path = CollectionViewCell1.swift; sourceTree = "<group>"; };
		5D0750992625C1940059D378 /* CollectionViewCell2.swift */ = {isa = PBXFileReference; lastKnownFileType = sourcecode.swift; path = CollectionViewCell2.swift; sourceTree = "<group>"; };
		5D07509C2625D18D0059D378 /* CollectionViewCell3.swift */ = {isa = PBXFileReference; lastKnownFileType = sourcecode.swift; path = CollectionViewCell3.swift; sourceTree = "<group>"; };
		5D07509F2625E7D20059D378 /* StringExtension.swift */ = {isa = PBXFileReference; lastKnownFileType = sourcecode.swift; path = StringExtension.swift; sourceTree = "<group>"; };
/* End PBXFileReference section */

/* Begin PBXFrameworksBuildPhase section */
		5D0750252624501F0059D378 /* Frameworks */ = {
			isa = PBXFrameworksBuildPhase;
			buildActionMask = 2147483647;
			files = (
			);
			runOnlyForDeploymentPostprocessing = 0;
		};
/* End PBXFrameworksBuildPhase section */

/* Begin PBXGroup section */
		5D07501F2624501F0059D378 = {
			isa = PBXGroup;
			children = (
				5D07502A2624501F0059D378 /* onboarding */,
				5D0750292624501F0059D378 /* Products */,
			);
			sourceTree = "<group>";
		};
		5D0750292624501F0059D378 /* Products */ = {
			isa = PBXGroup;
			children = (
				5D0750282624501F0059D378 /* onboarding.app */,
			);
			name = Products;
			sourceTree = "<group>";
		};
		5D07502A2624501F0059D378 /* onboarding */ = {
			isa = PBXGroup;
			children = (
				5D07508C2625BB210059D378 /* DataSource+CompositionalLayout */,
				5D07508526258DC10059D378 /* CalendarEvent */,
				5D075059262499C80059D378 /* App */,
				5D075058262499AB0059D378 /* AppResorses */,
				5D075050262493AE0059D378 /* Library */,
				5D07505A262499E70059D378 /* Resources */,
			);
			path = onboarding;
			sourceTree = "<group>";
		};
		5D075050262493AE0059D378 /* Library */ = {
			isa = PBXGroup;
			children = (
				5D07508426258D7F0059D378 /* Utilities */,
				5D0750542624940E0059D378 /* Protocols */,
				5D075051262493B90059D378 /* Extension */,
				5D075053262493EC0059D378 /* Generated */,
				5D07508326258D340059D378 /* SharedUI */,
			);
			path = Library;
			sourceTree = "<group>";
		};
		5D075051262493B90059D378 /* Extension */ = {
			isa = PBXGroup;
			children = (
				5D07506A2624D3100059D378 /* UICollectionViewDiffableDataSourceExtensions.swift */,
				5D07504426245D610059D378 /* UIViewExtensions.swift */,
				5D0750732624D5B40059D378 /* Reusable.swift */,
				5D07509F2625E7D20059D378 /* StringExtension.swift */,
			);
			path = Extension;
			sourceTree = "<group>";
		};
		5D075053262493EC0059D378 /* Generated */ = {
			isa = PBXGroup;
			children = (
				5D07504726245ECF0059D378 /* Assets.swift */,
			);
			path = Generated;
			sourceTree = "<group>";
		};
		5D0750542624940E0059D378 /* Protocols */ = {
			isa = PBXGroup;
			children = (
				5D07504D2624662D0059D378 /* Bindable.swift */,
				5D0750772624DDB10059D378 /* BindableCell.swift */,
			);
			path = Protocols;
			sourceTree = "<group>";
		};
		5D075058262499AB0059D378 /* AppResorses */ = {
			isa = PBXGroup;
			children = (
				5D075039262450210059D378 /* Info.plist */,
				5D075036262450210059D378 /* LaunchScreen.storyboard */,
			);
			path = AppResorses;
			sourceTree = "<group>";
		};
		5D075059262499C80059D378 /* App */ = {
			isa = PBXGroup;
			children = (
				5D07502B2624501F0059D378 /* AppDelegate.swift */,
				5D07502D2624501F0059D378 /* SceneDelegate.swift */,
			);
			path = App;
			sourceTree = "<group>";
		};
		5D07505A262499E70059D378 /* Resources */ = {
			isa = PBXGroup;
			children = (
				5D075034262450210059D378 /* Assets.xcassets */,
			);
			path = Resources;
			sourceTree = "<group>";
		};
		5D07508326258D340059D378 /* SharedUI */ = {
			isa = PBXGroup;
			children = (
				5D07506D2624D3390059D378 /* SingleSection.swift */,
			);
			path = SharedUI;
			sourceTree = "<group>";
		};
		5D07508426258D7F0059D378 /* Utilities */ = {
			isa = PBXGroup;
			children = (
				5D07504A262462450059D378 /* ViewRepresentable.swift */,
			);
			path = Utilities;
			sourceTree = "<group>";
		};
		5D07508526258DC10059D378 /* CalendarEvent */ = {
			isa = PBXGroup;
			children = (
				5D0750622624B8B50059D378 /* CalendarEvent.swift */,
				5D07505B26249A1D0059D378 /* MainNavigationController.swift */,
				5D07502F2624501F0059D378 /* CalendarEventViewController.swift */,
				5D07508626258DDA0059D378 /* UIViews */,
			);
			path = CalendarEvent;
			sourceTree = "<group>";
		};
		5D07508626258DDA0059D378 /* UIViews */ = {
			isa = PBXGroup;
			children = (
				5D07507F26257F350059D378 /* CalendarEventView.swift */,
				5D075040262454FE0059D378 /* DescriptionView.swift */,
				5D07507B2625662B0059D378 /* InformationView.swift */,
				5D07508826258DFC0059D378 /* CollectionViewFlowLayout */,
				5D07508726258DEB0059D378 /* CollectionViewCell */,
			);
			path = UIViews;
			sourceTree = "<group>";
		};
		5D07508726258DEB0059D378 /* CollectionViewCell */ = {
			isa = PBXGroup;
			children = (
				5D0750702624D5410059D378 /* MemberCollectionViewCell.swift */,
			);
			path = CollectionViewCell;
			sourceTree = "<group>";
		};
		5D07508826258DFC0059D378 /* CollectionViewFlowLayout */ = {
			isa = PBXGroup;
			children = (
				5D0750652624BBA30059D378 /* LeftAlignmentFlowLayout.swift */,
			);
			path = CollectionViewFlowLayout;
			sourceTree = "<group>";
		};
		5D07508C2625BB210059D378 /* DataSource+CompositionalLayout */ = {
			isa = PBXGroup;
			children = (
				5D0750912625BC320059D378 /* Cells */,
				5D07508D2625BC2F0059D378 /* CompositionalLayout.swift */,
			);
			path = "DataSource+CompositionalLayout";
			sourceTree = "<group>";
		};
		5D0750912625BC320059D378 /* Cells */ = {
			isa = PBXGroup;
			children = (
				5D0750932625BC460059D378 /* CollectionViewCell1.swift */,
				5D0750992625C1940059D378 /* CollectionViewCell2.swift */,
				5D07509C2625D18D0059D378 /* CollectionViewCell3.swift */,
			);
			path = Cells;
			sourceTree = "<group>";
		};
/* End PBXGroup section */

/* Begin PBXNativeTarget section */
		5D0750272624501F0059D378 /* onboarding */ = {
			isa = PBXNativeTarget;
			buildConfigurationList = 5D07503C262450210059D378 /* Build configuration list for PBXNativeTarget "onboarding" */;
			buildPhases = (
				5D0750242624501F0059D378 /* Sources */,
				5D0750252624501F0059D378 /* Frameworks */,
				5D0750262624501F0059D378 /* Resources */,
			);
			buildRules = (
			);
			dependencies = (
			);
			name = onboarding;
			productName = onboarding;
			productReference = 5D0750282624501F0059D378 /* onboarding.app */;
			productType = "com.apple.product-type.application";
		};
/* End PBXNativeTarget section */

/* Begin PBXProject section */
		5D0750202624501F0059D378 /* Project object */ = {
			isa = PBXProject;
			attributes = {
				LastSwiftUpdateCheck = 1240;
				LastUpgradeCheck = 1240;
				TargetAttributes = {
					5D0750272624501F0059D378 = {
						CreatedOnToolsVersion = 12.4;
					};
				};
			};
			buildConfigurationList = 5D0750232624501F0059D378 /* Build configuration list for PBXProject "onboarding" */;
			compatibilityVersion = "Xcode 9.3";
			developmentRegion = en;
			hasScannedForEncodings = 0;
			knownRegions = (
				en,
				Base,
			);
			mainGroup = 5D07501F2624501F0059D378;
			productRefGroup = 5D0750292624501F0059D378 /* Products */;
			projectDirPath = "";
			projectRoot = "";
			targets = (
				5D0750272624501F0059D378 /* onboarding */,
			);
		};
/* End PBXProject section */

/* Begin PBXResourcesBuildPhase section */
		5D0750262624501F0059D378 /* Resources */ = {
			isa = PBXResourcesBuildPhase;
			buildActionMask = 2147483647;
			files = (
				5D075038262450210059D378 /* LaunchScreen.storyboard in Resources */,
				5D075035262450210059D378 /* Assets.xcassets in Resources */,
			);
			runOnlyForDeploymentPostprocessing = 0;
		};
/* End PBXResourcesBuildPhase section */

/* Begin PBXSourcesBuildPhase section */
		5D0750242624501F0059D378 /* Sources */ = {
			isa = PBXSourcesBuildPhase;
			buildActionMask = 2147483647;
			files = (
				5D0750632624B8B50059D378 /* CalendarEvent.swift in Sources */,
				5D07505C26249A1D0059D378 /* MainNavigationController.swift in Sources */,
				5D0750942625BC460059D378 /* CollectionViewCell1.swift in Sources */,
				5D07509A2625C1940059D378 /* CollectionViewCell2.swift in Sources */,
				5D07506B2624D3100059D378 /* UICollectionViewDiffableDataSourceExtensions.swift in Sources */,
				5D0750302624501F0059D378 /* CalendarEventViewController.swift in Sources */,
				5D07504526245D610059D378 /* UIViewExtensions.swift in Sources */,
				5D07504E2624662D0059D378 /* Bindable.swift in Sources */,
				5D0750662624BBA30059D378 /* LeftAlignmentFlowLayout.swift in Sources */,
				5D07508026257F350059D378 /* CalendarEventView.swift in Sources */,
				5D07508E2625BC2F0059D378 /* CompositionalLayout.swift in Sources */,
				5D07504826245ECF0059D378 /* Assets.swift in Sources */,
				5D07509D2625D18D0059D378 /* CollectionViewCell3.swift in Sources */,
				5D0750712624D5410059D378 /* MemberCollectionViewCell.swift in Sources */,
				5D0750742624D5B40059D378 /* Reusable.swift in Sources */,
				5D07504B262462450059D378 /* ViewRepresentable.swift in Sources */,
				5D075041262454FE0059D378 /* DescriptionView.swift in Sources */,
				5D07506E2624D3390059D378 /* SingleSection.swift in Sources */,
				5D07502C2624501F0059D378 /* AppDelegate.swift in Sources */,
				5D07507C2625662B0059D378 /* InformationView.swift in Sources */,
				5D0750782624DDB10059D378 /* BindableCell.swift in Sources */,
				5D0750A02625E7D20059D378 /* StringExtension.swift in Sources */,
				5D07502E2624501F0059D378 /* SceneDelegate.swift in Sources */,
			);
			runOnlyForDeploymentPostprocessing = 0;
		};
/* End PBXSourcesBuildPhase section */

/* Begin PBXVariantGroup section */
		5D075036262450210059D378 /* LaunchScreen.storyboard */ = {
			isa = PBXVariantGroup;
			children = (
				5D075037262450210059D378 /* Base */,
			);
			name = LaunchScreen.storyboard;
			sourceTree = "<group>";
		};
/* End PBXVariantGroup section */

/* Begin XCBuildConfiguration section */
		5D07503A262450210059D378 /* Debug */ = {
			isa = XCBuildConfiguration;
			buildSettings = {
				ALWAYS_SEARCH_USER_PATHS = NO;
				CLANG_ANALYZER_NONNULL = YES;
				CLANG_ANALYZER_NUMBER_OBJECT_CONVERSION = YES_AGGRESSIVE;
				CLANG_CXX_LANGUAGE_STANDARD = "gnu++14";
				CLANG_CXX_LIBRARY = "libc++";
				CLANG_ENABLE_MODULES = YES;
				CLANG_ENABLE_OBJC_ARC = YES;
				CLANG_ENABLE_OBJC_WEAK = YES;
				CLANG_WARN_BLOCK_CAPTURE_AUTORELEASING = YES;
				CLANG_WARN_BOOL_CONVERSION = YES;
				CLANG_WARN_COMMA = YES;
				CLANG_WARN_CONSTANT_CONVERSION = YES;
				CLANG_WARN_DEPRECATED_OBJC_IMPLEMENTATIONS = YES;
				CLANG_WARN_DIRECT_OBJC_ISA_USAGE = YES_ERROR;
				CLANG_WARN_DOCUMENTATION_COMMENTS = YES;
				CLANG_WARN_EMPTY_BODY = YES;
				CLANG_WARN_ENUM_CONVERSION = YES;
				CLANG_WARN_INFINITE_RECURSION = YES;
				CLANG_WARN_INT_CONVERSION = YES;
				CLANG_WARN_NON_LITERAL_NULL_CONVERSION = YES;
				CLANG_WARN_OBJC_IMPLICIT_RETAIN_SELF = YES;
				CLANG_WARN_OBJC_LITERAL_CONVERSION = YES;
				CLANG_WARN_OBJC_ROOT_CLASS = YES_ERROR;
				CLANG_WARN_QUOTED_INCLUDE_IN_FRAMEWORK_HEADER = YES;
				CLANG_WARN_RANGE_LOOP_ANALYSIS = YES;
				CLANG_WARN_STRICT_PROTOTYPES = YES;
				CLANG_WARN_SUSPICIOUS_MOVE = YES;
				CLANG_WARN_UNGUARDED_AVAILABILITY = YES_AGGRESSIVE;
				CLANG_WARN_UNREACHABLE_CODE = YES;
				CLANG_WARN__DUPLICATE_METHOD_MATCH = YES;
				COPY_PHASE_STRIP = NO;
				DEBUG_INFORMATION_FORMAT = dwarf;
				ENABLE_STRICT_OBJC_MSGSEND = YES;
				ENABLE_TESTABILITY = YES;
				GCC_C_LANGUAGE_STANDARD = gnu11;
				GCC_DYNAMIC_NO_PIC = NO;
				GCC_NO_COMMON_BLOCKS = YES;
				GCC_OPTIMIZATION_LEVEL = 0;
				GCC_PREPROCESSOR_DEFINITIONS = (
					"DEBUG=1",
					"$(inherited)",
				);
				GCC_WARN_64_TO_32_BIT_CONVERSION = YES;
				GCC_WARN_ABOUT_RETURN_TYPE = YES_ERROR;
				GCC_WARN_UNDECLARED_SELECTOR = YES;
				GCC_WARN_UNINITIALIZED_AUTOS = YES_AGGRESSIVE;
				GCC_WARN_UNUSED_FUNCTION = YES;
				GCC_WARN_UNUSED_VARIABLE = YES;
				IPHONEOS_DEPLOYMENT_TARGET = 14.4;
				MTL_ENABLE_DEBUG_INFO = INCLUDE_SOURCE;
				MTL_FAST_MATH = YES;
				ONLY_ACTIVE_ARCH = YES;
				SDKROOT = iphoneos;
				SWIFT_ACTIVE_COMPILATION_CONDITIONS = DEBUG;
				SWIFT_OPTIMIZATION_LEVEL = "-Onone";
			};
			name = Debug;
		};
		5D07503B262450210059D378 /* Release */ = {
			isa = XCBuildConfiguration;
			buildSettings = {
				ALWAYS_SEARCH_USER_PATHS = NO;
				CLANG_ANALYZER_NONNULL = YES;
				CLANG_ANALYZER_NUMBER_OBJECT_CONVERSION = YES_AGGRESSIVE;
				CLANG_CXX_LANGUAGE_STANDARD = "gnu++14";
				CLANG_CXX_LIBRARY = "libc++";
				CLANG_ENABLE_MODULES = YES;
				CLANG_ENABLE_OBJC_ARC = YES;
				CLANG_ENABLE_OBJC_WEAK = YES;
				CLANG_WARN_BLOCK_CAPTURE_AUTORELEASING = YES;
				CLANG_WARN_BOOL_CONVERSION = YES;
				CLANG_WARN_COMMA = YES;
				CLANG_WARN_CONSTANT_CONVERSION = YES;
				CLANG_WARN_DEPRECATED_OBJC_IMPLEMENTATIONS = YES;
				CLANG_WARN_DIRECT_OBJC_ISA_USAGE = YES_ERROR;
				CLANG_WARN_DOCUMENTATION_COMMENTS = YES;
				CLANG_WARN_EMPTY_BODY = YES;
				CLANG_WARN_ENUM_CONVERSION = YES;
				CLANG_WARN_INFINITE_RECURSION = YES;
				CLANG_WARN_INT_CONVERSION = YES;
				CLANG_WARN_NON_LITERAL_NULL_CONVERSION = YES;
				CLANG_WARN_OBJC_IMPLICIT_RETAIN_SELF = YES;
				CLANG_WARN_OBJC_LITERAL_CONVERSION = YES;
				CLANG_WARN_OBJC_ROOT_CLASS = YES_ERROR;
				CLANG_WARN_QUOTED_INCLUDE_IN_FRAMEWORK_HEADER = YES;
				CLANG_WARN_RANGE_LOOP_ANALYSIS = YES;
				CLANG_WARN_STRICT_PROTOTYPES = YES;
				CLANG_WARN_SUSPICIOUS_MOVE = YES;
				CLANG_WARN_UNGUARDED_AVAILABILITY = YES_AGGRESSIVE;
				CLANG_WARN_UNREACHABLE_CODE = YES;
				CLANG_WARN__DUPLICATE_METHOD_MATCH = YES;
				COPY_PHASE_STRIP = NO;
				DEBUG_INFORMATION_FORMAT = "dwarf-with-dsym";
				ENABLE_NS_ASSERTIONS = NO;
				ENABLE_STRICT_OBJC_MSGSEND = YES;
				GCC_C_LANGUAGE_STANDARD = gnu11;
				GCC_NO_COMMON_BLOCKS = YES;
				GCC_WARN_64_TO_32_BIT_CONVERSION = YES;
				GCC_WARN_ABOUT_RETURN_TYPE = YES_ERROR;
				GCC_WARN_UNDECLARED_SELECTOR = YES;
				GCC_WARN_UNINITIALIZED_AUTOS = YES_AGGRESSIVE;
				GCC_WARN_UNUSED_FUNCTION = YES;
				GCC_WARN_UNUSED_VARIABLE = YES;
				IPHONEOS_DEPLOYMENT_TARGET = 14.4;
				MTL_ENABLE_DEBUG_INFO = NO;
				MTL_FAST_MATH = YES;
				SDKROOT = iphoneos;
				SWIFT_COMPILATION_MODE = wholemodule;
				SWIFT_OPTIMIZATION_LEVEL = "-O";
				VALIDATE_PRODUCT = YES;
			};
			name = Release;
		};
		5D07503D262450210059D378 /* Debug */ = {
			isa = XCBuildConfiguration;
			buildSettings = {
				ASSETCATALOG_COMPILER_APPICON_NAME = AppIcon;
				ASSETCATALOG_COMPILER_GLOBAL_ACCENT_COLOR_NAME = AccentColor;
				CODE_SIGN_STYLE = Automatic;
				INFOPLIST_FILE = onboarding/AppResorses/Info.plist;
				LD_RUNPATH_SEARCH_PATHS = (
					"$(inherited)",
					"@executable_path/Frameworks",
				);
				PRODUCT_BUNDLE_IDENTIFIER = com.anastasiiaholovash.onboarding;
				PRODUCT_NAME = "$(TARGET_NAME)";
				SWIFT_VERSION = 5.0;
				TARGETED_DEVICE_FAMILY = "1,2";
			};
			name = Debug;
		};
		5D07503E262450210059D378 /* Release */ = {
			isa = XCBuildConfiguration;
			buildSettings = {
				ASSETCATALOG_COMPILER_APPICON_NAME = AppIcon;
				ASSETCATALOG_COMPILER_GLOBAL_ACCENT_COLOR_NAME = AccentColor;
				CODE_SIGN_STYLE = Automatic;
				INFOPLIST_FILE = onboarding/AppResorses/Info.plist;
				LD_RUNPATH_SEARCH_PATHS = (
					"$(inherited)",
					"@executable_path/Frameworks",
				);
				PRODUCT_BUNDLE_IDENTIFIER = com.anastasiiaholovash.onboarding;
				PRODUCT_NAME = "$(TARGET_NAME)";
				SWIFT_VERSION = 5.0;
				TARGETED_DEVICE_FAMILY = "1,2";
			};
			name = Release;
		};
/* End XCBuildConfiguration section */

/* Begin XCConfigurationList section */
		5D0750232624501F0059D378 /* Build configuration list for PBXProject "onboarding" */ = {
			isa = XCConfigurationList;
			buildConfigurations = (
				5D07503A262450210059D378 /* Debug */,
				5D07503B262450210059D378 /* Release */,
			);
			defaultConfigurationIsVisible = 0;
			defaultConfigurationName = Release;
		};
		5D07503C262450210059D378 /* Build configuration list for PBXNativeTarget "onboarding" */ = {
			isa = XCConfigurationList;
			buildConfigurations = (
				5D07503D262450210059D378 /* Debug */,
				5D07503E262450210059D378 /* Release */,
			);
			defaultConfigurationIsVisible = 0;
			defaultConfigurationName = Release;
		};
/* End XCConfigurationList section */
	};
	rootObject = 5D0750202624501F0059D378 /* Project object */;
}
